
Microsoft Visual Studio Solution File, Format Version 10.00
# Visual Studio 2008
Project("{FAE04EC0-301F-11D3-BF4B-00C04F79EFBC}") = "SC.Core", "SCv4\SC.Core.csproj", "{4A516F07-5573-466B-8973-0ECCBE3EBBF1}"
EndProject
Project("{FAE04EC0-301F-11D3-BF4B-00C04F79EFBC}") = "SC.Interfaces", "SCv4.Interfaces\SC.Interfaces.csproj", "{C5D3996C-74D8-458D-B297-7DD98FBFBEF3}"
EndProject
Project("{FAE04EC0-301F-11D3-BF4B-00C04F79EFBC}") = "SC.Messaging", "SC.Messaging\SC.Messaging.csproj", "{B52CFABC-6735-496B-8E1F-ECF49D6F33CB}"
EndProject
Project("{FAE04EC0-301F-11D3-BF4B-00C04F79EFBC}") = "SC.PluginLoader", "SC.PluginLoader\SC.PluginLoader.csproj", "{33A0AF38-28FC-46BF-B1CC-C5C00EE9886A}"
EndProject
Project("{FAE04EC0-301F-11D3-BF4B-00C04F79EFBC}") = "SC.Settings", "SC.Settings\SC.Settings.csproj", "{1A99E959-6713-49D8-9537-AE7DF34C8AF5}"
EndProject
Project("{FAE04EC0-301F-11D3-BF4B-00C04F79EFBC}") = "SC.Security", "SC.Security\SC.Security.csproj", "{08A44819-D1C4-4F14-9BB1-8184A7BF5546}"
EndProject
Project("{FAE04EC0-301F-11D3-BF4B-00C04F79EFBC}") = "SC.DefaultPlugins", "DefaultPlugins\SC.DefaultPlugins.csproj", "{5FDD116A-E2AB-44D3-BF54-5FC697784AD4}"
EndProject
Project("{FAE04EC0-301F-11D3-BF4B-00C04F79EFBC}") = "SC.Remoting", "SC.Remoting\SC.Remoting.csproj", "{0FA57750-AC74-492A-A2FE-6320EFA1E2B7}"
EndProject
Project("{FAE04EC0-301F-11D3-BF4B-00C04F79EFBC}") = "SC.Client", "SC.Client\SC.Client.csproj", "{D34BBC59-9772-4209-A221-DDE251C1A5F8}"
EndProject
Project("{FAE04EC0-301F-11D3-BF4B-00C04F79EFBC}") = "SC.Utility", "SC.Utility\SC.Utility.csproj", "{18EAADDF-52C3-4B10-B640-BD879A0D547D}"
EndProject
Project("{FAE04EC0-301F-11D3-BF4B-00C04F79EFBC}") = "SC.Service", "SC.Service\SC.Service.csproj", "{801DE118-2138-49C9-B78F-90381C2FCF86}"
EndProject
Project("{FAE04EC0-301F-11D3-BF4B-00C04F79EFBC}") = "SC.Interfaces.DefaultPlugins", "SC.Interfaces.DefaultPlugins\SC.Interfaces.DefaultPlugins.csproj", "{64CB3038-504E-46D2-8140-23621BDEA5B1}"
EndProject
Project("{FAE04EC0-301F-11D3-BF4B-00C04F79EFBC}") = "SC.PluginBase", "SC.PluginBase\SC.PluginBase.csproj", "{B3A559C0-DBC1-43BE-9F0F-C93CBB746D0D}"
EndProject
Global
	GlobalSection(SolutionConfigurationPlatforms) = preSolution
		Debug|Any CPU = Debug|Any CPU
		Debug|x64 = Debug|x64
		Release|Any CPU = Release|Any CPU
		Release|x64 = Release|x64
	EndGlobalSection
	GlobalSection(ProjectConfigurationPlatforms) = postSolution
		{4A516F07-5573-466B-8973-0ECCBE3EBBF1}.Debug|Any CPU.ActiveCfg = Debug|Any CPU
		{4A516F07-5573-466B-8973-0ECCBE3EBBF1}.Debug|Any CPU.Build.0 = Debug|Any CPU
		{4A516F07-5573-466B-8973-0ECCBE3EBBF1}.Debug|x64.ActiveCfg = Debug|x64
		{4A516F07-5573-466B-8973-0ECCBE3EBBF1}.Debug|x64.Build.0 = Debug|x64
		{4A516F07-5573-466B-8973-0ECCBE3EBBF1}.Release|Any CPU.ActiveCfg = Release|Any CPU
		{4A516F07-5573-466B-8973-0ECCBE3EBBF1}.Release|Any CPU.Build.0 = Release|Any CPU
		{4A516F07-5573-466B-8973-0ECCBE3EBBF1}.Release|x64.ActiveCfg = Release|x64
		{4A516F07-5573-466B-8973-0ECCBE3EBBF1}.Release|x64.Build.0 = Release|x64
		{C5D3996C-74D8-458D-B297-7DD98FBFBEF3}.Debug|Any CPU.ActiveCfg = Debug|Any CPU
		{C5D3996C-74D8-458D-B297-7DD98FBFBEF3}.Debug|Any CPU.Build.0 = Debug|Any CPU
		{C5D3996C-74D8-458D-B297-7DD98FBFBEF3}.Debug|x64.ActiveCfg = Debug|x64
		{C5D3996C-74D8-458D-B297-7DD98FBFBEF3}.Debug|x64.Build.0 = Debug|x64
		{C5D3996C-74D8-458D-B297-7DD98FBFBEF3}.Release|Any CPU.ActiveCfg = Release|Any CPU
		{C5D3996C-74D8-458D-B297-7DD98FBFBEF3}.Release|Any CPU.Build.0 = Release|Any CPU
		{C5D3996C-74D8-458D-B297-7DD98FBFBEF3}.Release|x64.ActiveCfg = Release|x64
		{C5D3996C-74D8-458D-B297-7DD98FBFBEF3}.Release|x64.Build.0 = Release|x64
		{B52CFABC-6735-496B-8E1F-ECF49D6F33CB}.Debug|Any CPU.ActiveCfg = Debug|Any CPU
		{B52CFABC-6735-496B-8E1F-ECF49D6F33CB}.Debug|Any CPU.Build.0 = Debug|Any CPU
		{B52CFABC-6735-496B-8E1F-ECF49D6F33CB}.Debug|x64.ActiveCfg = Debug|x64
		{B52CFABC-6735-496B-8E1F-ECF49D6F33CB}.Debug|x64.Build.0 = Debug|x64
		{B52CFABC-6735-496B-8E1F-ECF49D6F33CB}.Release|Any CPU.ActiveCfg = Release|Any CPU
		{B52CFABC-6735-496B-8E1F-ECF49D6F33CB}.Release|Any CPU.Build.0 = Release|Any CPU
		{B52CFABC-6735-496B-8E1F-ECF49D6F33CB}.Release|x64.ActiveCfg = Release|x64
		{B52CFABC-6735-496B-8E1F-ECF49D6F33CB}.Release|x64.Build.0 = Release|x64
		{33A0AF38-28FC-46BF-B1CC-C5C00EE9886A}.Debug|Any CPU.ActiveCfg = Debug|Any CPU
		{33A0AF38-28FC-46BF-B1CC-C5C00EE9886A}.Debug|Any CPU.Build.0 = Debug|Any CPU
		{33A0AF38-28FC-46BF-B1CC-C5C00EE9886A}.Debug|x64.ActiveCfg = Debug|x64
		{33A0AF38-28FC-46BF-B1CC-C5C00EE9886A}.Debug|x64.Build.0 = Debug|x64
		{33A0AF38-28FC-46BF-B1CC-C5C00EE9886A}.Release|Any CPU.ActiveCfg = Release|Any CPU
		{33A0AF38-28FC-46BF-B1CC-C5C00EE9886A}.Release|Any CPU.Build.0 = Release|Any CPU
		{33A0AF38-28FC-46BF-B1CC-C5C00EE9886A}.Release|x64.ActiveCfg = Release|x64
		{33A0AF38-28FC-46BF-B1CC-C5C00EE9886A}.Release|x64.Build.0 = Release|x64
		{1A99E959-6713-49D8-9537-AE7DF34C8AF5}.Debug|Any CPU.ActiveCfg = Debug|Any CPU
		{1A99E959-6713-49D8-9537-AE7DF34C8AF5}.Debug|Any CPU.Build.0 = Debug|Any CPU
		{1A99E959-6713-49D8-9537-AE7DF34C8AF5}.Debug|x64.ActiveCfg = Debug|x64
		{1A99E959-6713-49D8-9537-AE7DF34C8AF5}.Debug|x64.Build.0 = Debug|x64
		{1A99E959-6713-49D8-9537-AE7DF34C8AF5}.Release|Any CPU.ActiveCfg = Release|Any CPU
		{1A99E959-6713-49D8-9537-AE7DF34C8AF5}.Release|Any CPU.Build.0 = Release|Any CPU
		{1A99E959-6713-49D8-9537-AE7DF34C8AF5}.Release|x64.ActiveCfg = Release|x64
		{1A99E959-6713-49D8-9537-AE7DF34C8AF5}.Release|x64.Build.0 = Release|x64
		{08A44819-D1C4-4F14-9BB1-8184A7BF5546}.Debug|Any CPU.ActiveCfg = Debug|Any CPU
		{08A44819-D1C4-4F14-9BB1-8184A7BF5546}.Debug|Any CPU.Build.0 = Debug|Any CPU
		{08A44819-D1C4-4F14-9BB1-8184A7BF5546}.Debug|x64.ActiveCfg = Debug|x64
		{08A44819-D1C4-4F14-9BB1-8184A7BF5546}.Debug|x64.Build.0 = Debug|x64
		{08A44819-D1C4-4F14-9BB1-8184A7BF5546}.Release|Any CPU.ActiveCfg = Release|Any CPU
		{08A44819-D1C4-4F14-9BB1-8184A7BF5546}.Release|Any CPU.Build.0 = Release|Any CPU
		{08A44819-D1C4-4F14-9BB1-8184A7BF5546}.Release|x64.ActiveCfg = Release|x64
		{08A44819-D1C4-4F14-9BB1-8184A7BF5546}.Release|x64.Build.0 = Release|x64
		{5FDD116A-E2AB-44D3-BF54-5FC697784AD4}.Debug|Any CPU.ActiveCfg = Debug|Any CPU
		{5FDD116A-E2AB-44D3-BF54-5FC697784AD4}.Debug|Any CPU.Build.0 = Debug|Any CPU
		{5FDD116A-E2AB-44D3-BF54-5FC697784AD4}.Debug|x64.ActiveCfg = Debug|x64
		{5FDD116A-E2AB-44D3-BF54-5FC697784AD4}.Debug|x64.Build.0 = Debug|x64
		{5FDD116A-E2AB-44D3-BF54-5FC697784AD4}.Release|Any CPU.ActiveCfg = Release|Any CPU
		{5FDD116A-E2AB-44D3-BF54-5FC697784AD4}.Release|Any CPU.Build.0 = Release|Any CPU
		{5FDD116A-E2AB-44D3-BF54-5FC697784AD4}.Release|x64.ActiveCfg = Release|x64
		{5FDD116A-E2AB-44D3-BF54-5FC697784AD4}.Release|x64.Build.0 = Release|x64
		{0FA57750-AC74-492A-A2FE-6320EFA1E2B7}.Debug|Any CPU.ActiveCfg = Debug|Any CPU
		{0FA57750-AC74-492A-A2FE-6320EFA1E2B7}.Debug|Any CPU.Build.0 = Debug|Any CPU
		{0FA57750-AC74-492A-A2FE-6320EFA1E2B7}.Debug|x64.ActiveCfg = Debug|x64
		{0FA57750-AC74-492A-A2FE-6320EFA1E2B7}.Debug|x64.Build.0 = Debug|x64
		{0FA57750-AC74-492A-A2FE-6320EFA1E2B7}.Release|Any CPU.ActiveCfg = Release|Any CPU
		{0FA57750-AC74-492A-A2FE-6320EFA1E2B7}.Release|Any CPU.Build.0 = Release|Any CPU
		{0FA57750-AC74-492A-A2FE-6320EFA1E2B7}.Release|x64.ActiveCfg = Release|x64
		{0FA57750-AC74-492A-A2FE-6320EFA1E2B7}.Release|x64.Build.0 = Release|x64
		{D34BBC59-9772-4209-A221-DDE251C1A5F8}.Debug|Any CPU.ActiveCfg = Debug|Any CPU
		{D34BBC59-9772-4209-A221-DDE251C1A5F8}.Debug|Any CPU.Build.0 = Debug|Any CPU
		{D34BBC59-9772-4209-A221-DDE251C1A5F8}.Debug|x64.ActiveCfg = Debug|x64
		{D34BBC59-9772-4209-A221-DDE251C1A5F8}.Debug|x64.Build.0 = Debug|x64
		{D34BBC59-9772-4209-A221-DDE251C1A5F8}.Release|Any CPU.ActiveCfg = Release|Any CPU
		{D34BBC59-9772-4209-A221-DDE251C1A5F8}.Release|Any CPU.Build.0 = Release|Any CPU
		{D34BBC59-9772-4209-A221-DDE251C1A5F8}.Release|x64.ActiveCfg = Release|x64
		{D34BBC59-9772-4209-A221-DDE251C1A5F8}.Release|x64.Build.0 = Release|x64
		{18EAADDF-52C3-4B10-B640-BD879A0D547D}.Debug|Any CPU.ActiveCfg = Debug|Any CPU
		{18EAADDF-52C3-4B10-B640-BD879A0D547D}.Debug|Any CPU.Build.0 = Debug|Any CPU
		{18EAADDF-52C3-4B10-B640-BD879A0D547D}.Debug|x64.ActiveCfg = Debug|x64
		{18EAADDF-52C3-4B10-B640-BD879A0D547D}.Debug|x64.Build.0 = Debug|x64
		{18EAADDF-52C3-4B10-B640-BD879A0D547D}.Release|Any CPU.ActiveCfg = Release|Any CPU
		{18EAADDF-52C3-4B10-B640-BD879A0D547D}.Release|Any CPU.Build.0 = Release|Any CPU
		{18EAADDF-52C3-4B10-B640-BD879A0D547D}.Release|x64.ActiveCfg = Release|x64
		{18EAADDF-52C3-4B10-B640-BD879A0D547D}.Release|x64.Build.0 = Release|x64
		{801DE118-2138-49C9-B78F-90381C2FCF86}.Debug|Any CPU.ActiveCfg = Debug|Any CPU
		{801DE118-2138-49C9-B78F-90381C2FCF86}.Debug|Any CPU.Build.0 = Debug|Any CPU
		{801DE118-2138-49C9-B78F-90381C2FCF86}.Debug|x64.ActiveCfg = Debug|x64
		{801DE118-2138-49C9-B78F-90381C2FCF86}.Debug|x64.Build.0 = Debug|x64
		{801DE118-2138-49C9-B78F-90381C2FCF86}.Release|Any CPU.ActiveCfg = Release|Any CPU
		{801DE118-2138-49C9-B78F-90381C2FCF86}.Release|Any CPU.Build.0 = Release|Any CPU
		{801DE118-2138-49C9-B78F-90381C2FCF86}.Release|x64.ActiveCfg = Release|x64
		{801DE118-2138-49C9-B78F-90381C2FCF86}.Release|x64.Build.0 = Release|x64
		{64CB3038-504E-46D2-8140-23621BDEA5B1}.Debug|Any CPU.ActiveCfg = Debug|Any CPU
		{64CB3038-504E-46D2-8140-23621BDEA5B1}.Debug|Any CPU.Build.0 = Debug|Any CPU
		{64CB3038-504E-46D2-8140-23621BDEA5B1}.Debug|x64.ActiveCfg = Debug|x64
		{64CB3038-504E-46D2-8140-23621BDEA5B1}.Debug|x64.Build.0 = Debug|x64
		{64CB3038-504E-46D2-8140-23621BDEA5B1}.Release|Any CPU.ActiveCfg = Release|Any CPU
		{64CB3038-504E-46D2-8140-23621BDEA5B1}.Release|Any CPU.Build.0 = Release|Any CPU
		{64CB3038-504E-46D2-8140-23621BDEA5B1}.Release|x64.ActiveCfg = Release|x64
		{64CB3038-504E-46D2-8140-23621BDEA5B1}.Release|x64.Build.0 = Release|x64
		{B3A559C0-DBC1-43BE-9F0F-C93CBB746D0D}.Debug|Any CPU.ActiveCfg = Debug|Any CPU
		{B3A559C0-DBC1-43BE-9F0F-C93CBB746D0D}.Debug|Any CPU.Build.0 = Debug|Any CPU
		{B3A559C0-DBC1-43BE-9F0F-C93CBB746D0D}.Debug|x64.ActiveCfg = Debug|x64
		{B3A559C0-DBC1-43BE-9F0F-C93CBB746D0D}.Debug|x64.Build.0 = Debug|x64
		{B3A559C0-DBC1-43BE-9F0F-C93CBB746D0D}.Release|Any CPU.ActiveCfg = Release|Any CPU
		{B3A559C0-DBC1-43BE-9F0F-C93CBB746D0D}.Release|Any CPU.Build.0 = Release|Any CPU
		{B3A559C0-DBC1-43BE-9F0F-C93CBB746D0D}.Release|x64.ActiveCfg = Release|x64
		{B3A559C0-DBC1-43BE-9F0F-C93CBB746D0D}.Release|x64.Build.0 = Release|x64
	EndGlobalSection
	GlobalSection(SolutionProperties) = preSolution
		HideSolutionNode = FALSE
	EndGlobalSection
EndGlobal
