
Microsoft Visual Studio Solution File, Format Version 10.00
# Visual C# Express 2008
Project("{FAE04EC0-301F-11D3-BF4B-00C04F79EFBC}") = "SC.GUI", "BaseTestApp\SC.GUI.csproj", "{26805299-9908-493D-9508-BD12B2962CB3}"
EndProject
Project("{FAE04EC0-301F-11D3-BF4B-00C04F79EFBC}") = "SC.DefaultPlugins.GUI", "SC.DefaultPlugins.GUI\SC.DefaultPlugins.GUI.csproj", "{BF041914-F3B0-4EA4-9980-CEA67FB407D5}"
EndProject
Project("{FAE04EC0-301F-11D3-BF4B-00C04F79EFBC}") = "SC.GUI.Utility", "SC.GUI.Utility\SC.GUI.Utility.csproj", "{590B753E-39A3-4CA5-A6E9-C6A176410F5D}"
EndProject
Global
	GlobalSection(SolutionConfigurationPlatforms) = preSolution
		Debug|Any CPU = Debug|Any CPU
		Release|Any CPU = Release|Any CPU
	EndGlobalSection
	GlobalSection(ProjectConfigurationPlatforms) = postSolution
		{26805299-9908-493D-9508-BD12B2962CB3}.Debug|Any CPU.ActiveCfg = Debug|Any CPU
		{26805299-9908-493D-9508-BD12B2962CB3}.Debug|Any CPU.Build.0 = Debug|Any CPU
		{26805299-9908-493D-9508-BD12B2962CB3}.Release|Any CPU.ActiveCfg = Release|Any CPU
		{26805299-9908-493D-9508-BD12B2962CB3}.Release|Any CPU.Build.0 = Release|Any CPU
		{BF041914-F3B0-4EA4-9980-CEA67FB407D5}.Debug|Any CPU.ActiveCfg = Debug|Any CPU
		{BF041914-F3B0-4EA4-9980-CEA67FB407D5}.Debug|Any CPU.Build.0 = Debug|Any CPU
		{BF041914-F3B0-4EA4-9980-CEA67FB407D5}.Release|Any CPU.ActiveCfg = Release|Any CPU
		{BF041914-F3B0-4EA4-9980-CEA67FB407D5}.Release|Any CPU.Build.0 = Release|Any CPU
		{590B753E-39A3-4CA5-A6E9-C6A176410F5D}.Debug|Any CPU.ActiveCfg = Debug|Any CPU
		{590B753E-39A3-4CA5-A6E9-C6A176410F5D}.Debug|Any CPU.Build.0 = Debug|Any CPU
		{590B753E-39A3-4CA5-A6E9-C6A176410F5D}.Release|Any CPU.ActiveCfg = Release|Any CPU
		{590B753E-39A3-4CA5-A6E9-C6A176410F5D}.Release|Any CPU.Build.0 = Release|Any CPU
	EndGlobalSection
	GlobalSection(SolutionProperties) = preSolution
		HideSolutionNode = FALSE
	EndGlobalSection
EndGlobal
